github.com/davecgh/go-spew v1.1.1 h1:vj9j/u1bqnvCEfJOwUhtlOARqs3+rkHYY13jYWTU97c=
github.com/davecgh/go-spew v1.1.1/go.mod h1:J7Y8YcW2NihsgmVo/mv3lAwl/skON4iLHjSsI+c5H38=
github.com/grindlemire/go-lucene v0.0.0-20221213071633-f37ef5100aff h1:D7c9eQkN/FQUAf6fipWPqIsIaTysWyYcfpchSZUFo1g=
github.com/grindlemire/go-lucene v0.0.0-20221213071633-f37ef5100aff/go.mod h1:DoJC8B+V7h4oeM7DiNP5zOY97Qbd8Bk6oWJ5lvr2BxY=
